// !$*UTF8*$!
{
	archiveVersion = 1;
	classes = {
	};
	objectVersion = 50;
	objects = {

/* Begin PBXBuildFile section */
		2F240AA39376853B940CF092 /* Pods_flixsterTests.framework in Frameworks */ = {isa = PBXBuildFile; fileRef = 0AC33B13C613987754A63835 /* Pods_flixsterTests.framework */; };
		72F55F0726FAF19B0023430E /* AppDelegate.swift in Sources */ = {isa = PBXBuildFile; fileRef = 72F55F0626FAF19B0023430E /* AppDelegate.swift */; };
		72F55F0926FAF19B0023430E /* SceneDelegate.swift in Sources */ = {isa = PBXBuildFile; fileRef = 72F55F0826FAF19B0023430E /* SceneDelegate.swift */; };
		72F55F0B26FAF19B0023430E /* ViewController.swift in Sources */ = {isa = PBXBuildFile; fileRef = 72F55F0A26FAF19B0023430E /* ViewController.swift */; };
		72F55F0E26FAF19B0023430E /* Main.storyboard in Resources */ = {isa = PBXBuildFile; fileRef = 72F55F0C26FAF19B0023430E /* Main.storyboard */; };
		72F55F1026FAF19D0023430E /* Assets.xcassets in Resources */ = {isa = PBXBuildFile; fileRef = 72F55F0F26FAF19D0023430E /* Assets.xcassets */; };
		72F55F1326FAF19D0023430E /* LaunchScreen.storyboard in Resources */ = {isa = PBXBuildFile; fileRef = 72F55F1126FAF19D0023430E /* LaunchScreen.storyboard */; };
		72F55F1E26FAF19D0023430E /* flixsterTests.swift in Sources */ = {isa = PBXBuildFile; fileRef = 72F55F1D26FAF19D0023430E /* flixsterTests.swift */; };
		72F55F2926FAF19D0023430E /* flixsterUITests.swift in Sources */ = {isa = PBXBuildFile; fileRef = 72F55F2826FAF19D0023430E /* flixsterUITests.swift */; };
		72F55F3726FAF2C00023430E /* MoviesViewController.swift in Sources */ = {isa = PBXBuildFile; fileRef = 72F55F3626FAF2C00023430E /* MoviesViewController.swift */; };
		72F55F392700FFD10023430E /* MovieCell.swift in Sources */ = {isa = PBXBuildFile; fileRef = 72F55F382700FFD10023430E /* MovieCell.swift */; };
		A640ABC1F08438C60C3FB677 /* Pods_flixster_flixsterUITests.framework in Frameworks */ = {isa = PBXBuildFile; fileRef = 21ADFD96646DF3A74EE394FD /* Pods_flixster_flixsterUITests.framework */; };
		B9CB7DC9FFBA2714CF913D0C /* Pods_flixster.framework in Frameworks */ = {isa = PBXBuildFile; fileRef = 5209129081AAC9335A5FDF1C /* Pods_flixster.framework */; };
/* End PBXBuildFile section */

/* Begin PBXContainerItemProxy section */
		72F55F1A26FAF19D0023430E /* PBXContainerItemProxy */ = {
			isa = PBXContainerItemProxy;
			containerPortal = 72F55EFB26FAF19B0023430E /* Project object */;
			proxyType = 1;
			remoteGlobalIDString = 72F55F0226FAF19B0023430E;
			remoteInfo = flixster;
		};
		72F55F2526FAF19D0023430E /* PBXContainerItemProxy */ = {
			isa = PBXContainerItemProxy;
			containerPortal = 72F55EFB26FAF19B0023430E /* Project object */;
			proxyType = 1;
			remoteGlobalIDString = 72F55F0226FAF19B0023430E;
			remoteInfo = flixster;
		};
/* End PBXContainerItemProxy section */

/* Begin PBXFileReference section */
		0AC33B13C613987754A63835 /* Pods_flixsterTests.framework */ = {isa = PBXFileReference; explicitFileType = wrapper.framework; includeInIndex = 0; path = Pods_flixsterTests.framework; sourceTree = BUILT_PRODUCTS_DIR; };
		14C34C7C029E9C4ED979535A /* Pods-flixster.debug.xcconfig */ = {isa = PBXFileReference; includeInIndex = 1; lastKnownFileType = text.xcconfig; name = "Pods-flixster.debug.xcconfig"; path = "Target Support Files/Pods-flixster/Pods-flixster.debug.xcconfig"; sourceTree = "<group>"; };
		21ADFD96646DF3A74EE394FD /* Pods_flixster_flixsterUITests.framework */ = {isa = PBXFileReference; explicitFileType = wrapper.framework; includeInIndex = 0; path = Pods_flixster_flixsterUITests.framework; sourceTree = BUILT_PRODUCTS_DIR; };
		431C4CF225A9532594D43FD8 /* Pods-flixster-flixsterUITests.debug.xcconfig */ = {isa = PBXFileReference; includeInIndex = 1; lastKnownFileType = text.xcconfig; name = "Pods-flixster-flixsterUITests.debug.xcconfig"; path = "Target Support Files/Pods-flixster-flixsterUITests/Pods-flixster-flixsterUITests.debug.xcconfig"; sourceTree = "<group>"; };
		43B10E8B05BC3A3A04937D65 /* Pods-flixster.release.xcconfig */ = {isa = PBXFileReference; includeInIndex = 1; lastKnownFileType = text.xcconfig; name = "Pods-flixster.release.xcconfig"; path = "Target Support Files/Pods-flixster/Pods-flixster.release.xcconfig"; sourceTree = "<group>"; };
		5209129081AAC9335A5FDF1C /* Pods_flixster.framework */ = {isa = PBXFileReference; explicitFileType = wrapper.framework; includeInIndex = 0; path = Pods_flixster.framework; sourceTree = BUILT_PRODUCTS_DIR; };
		72F55F0326FAF19B0023430E /* flixster.app */ = {isa = PBXFileReference; explicitFileType = wrapper.application; includeInIndex = 0; path = flixster.app; sourceTree = BUILT_PRODUCTS_DIR; };
		72F55F0626FAF19B0023430E /* AppDelegate.swift */ = {isa = PBXFileReference; lastKnownFileType = sourcecode.swift; path = AppDelegate.swift; sourceTree = "<group>"; };
		72F55F0826FAF19B0023430E /* SceneDelegate.swift */ = {isa = PBXFileReference; lastKnownFileType = sourcecode.swift; path = SceneDelegate.swift; sourceTree = "<group>"; };
		72F55F0A26FAF19B0023430E /* ViewController.swift */ = {isa = PBXFileReference; lastKnownFileType = sourcecode.swift; path = ViewController.swift; sourceTree = "<group>"; };
		72F55F0D26FAF19B0023430E /* Base */ = {isa = PBXFileReference; lastKnownFileType = file.storyboard; name = Base; path = Base.lproj/Main.storyboard; sourceTree = "<group>"; };
		72F55F0F26FAF19D0023430E /* Assets.xcassets */ = {isa = PBXFileReference; lastKnownFileType = folder.assetcatalog; path = Assets.xcassets; sourceTree = "<group>"; };
		72F55F1226FAF19D0023430E /* Base */ = {isa = PBXFileReference; lastKnownFileType = file.storyboard; name = Base; path = Base.lproj/LaunchScreen.storyboard; sourceTree = "<group>"; };
		72F55F1426FAF19D0023430E /* Info.plist */ = {isa = PBXFileReference; lastKnownFileType = text.plist.xml; path = Info.plist; sourceTree = "<group>"; };
		72F55F1926FAF19D0023430E /* flixsterTests.xctest */ = {isa = PBXFileReference; explicitFileType = wrapper.cfbundle; includeInIndex = 0; path = flixsterTests.xctest; sourceTree = BUILT_PRODUCTS_DIR; };
		72F55F1D26FAF19D0023430E /* flixsterTests.swift */ = {isa = PBXFileReference; lastKnownFileType = sourcecode.swift; path = flixsterTests.swift; sourceTree = "<group>"; };
		72F55F1F26FAF19D0023430E /* Info.plist */ = {isa = PBXFileReference; lastKnownFileType = text.plist.xml; path = Info.plist; sourceTree = "<group>"; };
		72F55F2426FAF19D0023430E /* flixsterUITests.xctest */ = {isa = PBXFileReference; explicitFileType = wrapper.cfbundle; includeInIndex = 0; path = flixsterUITests.xctest; sourceTree = BUILT_PRODUCTS_DIR; };
		72F55F2826FAF19D0023430E /* flixsterUITests.swift */ = {isa = PBXFileReference; lastKnownFileType = sourcecode.swift; path = flixsterUITests.swift; sourceTree = "<group>"; };
		72F55F2A26FAF19D0023430E /* Info.plist */ = {isa = PBXFileReference; lastKnownFileType = text.plist.xml; path = Info.plist; sourceTree = "<group>"; };
		72F55F3626FAF2C00023430E /* MoviesViewController.swift */ = {isa = PBXFileReference; lastKnownFileType = sourcecode.swift; path = MoviesViewController.swift; sourceTree = "<group>"; };
		72F55F382700FFD10023430E /* MovieCell.swift */ = {isa = PBXFileReference; lastKnownFileType = sourcecode.swift; path = MovieCell.swift; sourceTree = "<group>"; };
		A0A55EF70D550B916D09E952 /* Pods-flixster-flixsterUITests.release.xcconfig */ = {isa = PBXFileReference; includeInIndex = 1; lastKnownFileType = text.xcconfig; name = "Pods-flixster-flixsterUITests.release.xcconfig"; path = "Target Support Files/Pods-flixster-flixsterUITests/Pods-flixster-flixsterUITests.release.xcconfig"; sourceTree = "<group>"; };
		C775C7D860779820D48C29D5 /* Pods-flixsterTests.release.xcconfig */ = {isa = PBXFileReference; includeInIndex = 1; lastKnownFileType = text.xcconfig; name = "Pods-flixsterTests.release.xcconfig"; path = "Target Support Files/Pods-flixsterTests/Pods-flixsterTests.release.xcconfig"; sourceTree = "<group>"; };
		D80555BCE5516A7EDC30BAD0 /* Pods-flixsterTests.debug.xcconfig */ = {isa = PBXFileReference; includeInIndex = 1; lastKnownFileType = text.xcconfig; name = "Pods-flixsterTests.debug.xcconfig"; path = "Target Support Files/Pods-flixsterTests/Pods-flixsterTests.debug.xcconfig"; sourceTree = "<group>"; };
/* End PBXFileReference section */

/* Begin PBXFrameworksBuildPhase section */
		72F55F0026FAF19B0023430E /* Frameworks */ = {
			isa = PBXFrameworksBuildPhase;
			buildActionMask = 2147483647;
			files = (
				B9CB7DC9FFBA2714CF913D0C /* Pods_flixster.framework in Frameworks */,
			);
			runOnlyForDeploymentPostprocessing = 0;
		};
		72F55F1626FAF19D0023430E /* Frameworks */ = {
			isa = PBXFrameworksBuildPhase;
			buildActionMask = 2147483647;
			files = (
				2F240AA39376853B940CF092 /* Pods_flixsterTests.framework in Frameworks */,
			);
			runOnlyForDeploymentPostprocessing = 0;
		};
		72F55F2126FAF19D0023430E /* Frameworks */ = {
			isa = PBXFrameworksBuildPhase;
			buildActionMask = 2147483647;
			files = (
				A640ABC1F08438C60C3FB677 /* Pods_flixster_flixsterUITests.framework in Frameworks */,
			);
			runOnlyForDeploymentPostprocessing = 0;
		};
/* End PBXFrameworksBuildPhase section */

/* Begin PBXGroup section */
		588D3DF6C33848FD69931C55 /* Frameworks */ = {
			isa = PBXGroup;
			children = (
				5209129081AAC9335A5FDF1C /* Pods_flixster.framework */,
				21ADFD96646DF3A74EE394FD /* Pods_flixster_flixsterUITests.framework */,
				0AC33B13C613987754A63835 /* Pods_flixsterTests.framework */,
			);
			name = Frameworks;
			sourceTree = "<group>";
		};
		6AC51972154553090371AE6C /* Pods */ = {
			isa = PBXGroup;
			children = (
				14C34C7C029E9C4ED979535A /* Pods-flixster.debug.xcconfig */,
				43B10E8B05BC3A3A04937D65 /* Pods-flixster.release.xcconfig */,
				431C4CF225A9532594D43FD8 /* Pods-flixster-flixsterUITests.debug.xcconfig */,
				A0A55EF70D550B916D09E952 /* Pods-flixster-flixsterUITests.release.xcconfig */,
				D80555BCE5516A7EDC30BAD0 /* Pods-flixsterTests.debug.xcconfig */,
				C775C7D860779820D48C29D5 /* Pods-flixsterTests.release.xcconfig */,
			);
			name = Pods;
			path = Pods;
			sourceTree = "<group>";
		};
		72F55EFA26FAF19B0023430E = {
			isa = PBXGroup;
			children = (
				72F55F0526FAF19B0023430E /* flixster */,
				72F55F1C26FAF19D0023430E /* flixsterTests */,
				72F55F2726FAF19D0023430E /* flixsterUITests */,
				72F55F0426FAF19B0023430E /* Products */,
				6AC51972154553090371AE6C /* Pods */,
				588D3DF6C33848FD69931C55 /* Frameworks */,
			);
			sourceTree = "<group>";
		};
		72F55F0426FAF19B0023430E /* Products */ = {
			isa = PBXGroup;
			children = (
				72F55F0326FAF19B0023430E /* flixster.app */,
				72F55F1926FAF19D0023430E /* flixsterTests.xctest */,
				72F55F2426FAF19D0023430E /* flixsterUITests.xctest */,
			);
			name = Products;
			sourceTree = "<group>";
		};
		72F55F0526FAF19B0023430E /* flixster */ = {
			isa = PBXGroup;
			children = (
				72F55F0626FAF19B0023430E /* AppDelegate.swift */,
				72F55F0826FAF19B0023430E /* SceneDelegate.swift */,
				72F55F0A26FAF19B0023430E /* ViewController.swift */,
				72F55F0C26FAF19B0023430E /* Main.storyboard */,
				72F55F382700FFD10023430E /* MovieCell.swift */,
				72F55F0F26FAF19D0023430E /* Assets.xcassets */,
				72F55F1126FAF19D0023430E /* LaunchScreen.storyboard */,
				72F55F1426FAF19D0023430E /* Info.plist */,
				72F55F3626FAF2C00023430E /* MoviesViewController.swift */,
			);
			path = flixster;
			sourceTree = "<group>";
		};
		72F55F1C26FAF19D0023430E /* flixsterTests */ = {
			isa = PBXGroup;
			children = (
				72F55F1D26FAF19D0023430E /* flixsterTests.swift */,
				72F55F1F26FAF19D0023430E /* Info.plist */,
			);
			path = flixsterTests;
			sourceTree = "<group>";
		};
		72F55F2726FAF19D0023430E /* flixsterUITests */ = {
			isa = PBXGroup;
			children = (
				72F55F2826FAF19D0023430E /* flixsterUITests.swift */,
				72F55F2A26FAF19D0023430E /* Info.plist */,
			);
			path = flixsterUITests;
			sourceTree = "<group>";
		};
/* End PBXGroup section */

/* Begin PBXNativeTarget section */
		72F55F0226FAF19B0023430E /* flixster */ = {
			isa = PBXNativeTarget;
			buildConfigurationList = 72F55F2D26FAF19D0023430E /* Build configuration list for PBXNativeTarget "flixster" */;
			buildPhases = (
				1F8D848C12F3ED5EFEA26CB7 /* [CP] Check Pods Manifest.lock */,
				72F55EFF26FAF19B0023430E /* Sources */,
				72F55F0026FAF19B0023430E /* Frameworks */,
				72F55F0126FAF19B0023430E /* Resources */,
				58F17BB16C2E1F58D39C7F31 /* [CP] Embed Pods Frameworks */,
			);
			buildRules = (
			);
			dependencies = (
			);
			name = flixster;
			productName = flixster;
			productReference = 72F55F0326FAF19B0023430E /* flixster.app */;
			productType = "com.apple.product-type.application";
		};
		72F55F1826FAF19D0023430E /* flixsterTests */ = {
			isa = PBXNativeTarget;
			buildConfigurationList = 72F55F3026FAF19D0023430E /* Build configuration list for PBXNativeTarget "flixsterTests" */;
			buildPhases = (
				CF337EF154507C7480680958 /* [CP] Check Pods Manifest.lock */,
				72F55F1526FAF19D0023430E /* Sources */,
				72F55F1626FAF19D0023430E /* Frameworks */,
				72F55F1726FAF19D0023430E /* Resources */,
			);
			buildRules = (
			);
			dependencies = (
				72F55F1B26FAF19D0023430E /* PBXTargetDependency */,
			);
			name = flixsterTests;
			productName = flixsterTests;
			productReference = 72F55F1926FAF19D0023430E /* flixsterTests.xctest */;
			productType = "com.apple.product-type.bundle.unit-test";
		};
		72F55F2326FAF19D0023430E /* flixsterUITests */ = {
			isa = PBXNativeTarget;
			buildConfigurationList = 72F55F3326FAF19D0023430E /* Build configuration list for PBXNativeTarget "flixsterUITests" */;
			buildPhases = (
				D083BE30DE07E35A0CC4BE25 /* [CP] Check Pods Manifest.lock */,
				72F55F2026FAF19D0023430E /* Sources */,
				72F55F2126FAF19D0023430E /* Frameworks */,
				72F55F2226FAF19D0023430E /* Resources */,
				FFBD3614A5A0628B0E59BBCF /* [CP] Embed Pods Frameworks */,
			);
			buildRules = (
			);
			dependencies = (
				72F55F2626FAF19D0023430E /* PBXTargetDependency */,
			);
			name = flixsterUITests;
			productName = flixsterUITests;
			productReference = 72F55F2426FAF19D0023430E /* flixsterUITests.xctest */;
			productType = "com.apple.product-type.bundle.ui-testing";
		};
/* End PBXNativeTarget section */

/* Begin PBXProject section */
		72F55EFB26FAF19B0023430E /* Project object */ = {
			isa = PBXProject;
			attributes = {
				LastSwiftUpdateCheck = 1250;
				LastUpgradeCheck = 1250;
				TargetAttributes = {
					72F55F0226FAF19B0023430E = {
						CreatedOnToolsVersion = 12.5.1;
					};
					72F55F1826FAF19D0023430E = {
						CreatedOnToolsVersion = 12.5.1;
						TestTargetID = 72F55F0226FAF19B0023430E;
					};
					72F55F2326FAF19D0023430E = {
						CreatedOnToolsVersion = 12.5.1;
						TestTargetID = 72F55F0226FAF19B0023430E;
					};
				};
			};
			buildConfigurationList = 72F55EFE26FAF19B0023430E /* Build configuration list for PBXProject "flixster" */;
			compatibilityVersion = "Xcode 9.3";
			developmentRegion = en;
			hasScannedForEncodings = 0;
			knownRegions = (
				en,
				Base,
			);
			mainGroup = 72F55EFA26FAF19B0023430E;
			productRefGroup = 72F55F0426FAF19B0023430E /* Products */;
			projectDirPath = "";
			projectRoot = "";
			targets = (
				72F55F0226FAF19B0023430E /* flixster */,
				72F55F1826FAF19D0023430E /* flixsterTests */,
				72F55F2326FAF19D0023430E /* flixsterUITests */,
			);
		};
/* End PBXProject section */

/* Begin PBXResourcesBuildPhase section */
		72F55F0126FAF19B0023430E /* Resources */ = {
			isa = PBXResourcesBuildPhase;
			buildActionMask = 2147483647;
			files = (
				72F55F1326FAF19D0023430E /* LaunchScreen.storyboard in Resources */,
				72F55F1026FAF19D0023430E /* Assets.xcassets in Resources */,
				72F55F0E26FAF19B0023430E /* Main.storyboard in Resources */,
			);
			runOnlyForDeploymentPostprocessing = 0;
		};
		72F55F1726FAF19D0023430E /* Resources */ = {
			isa = PBXResourcesBuildPhase;
			buildActionMask = 2147483647;
			files = (
			);
			runOnlyForDeploymentPostprocessing = 0;
		};
		72F55F2226FAF19D0023430E /* Resources */ = {
			isa = PBXResourcesBuildPhase;
			buildActionMask = 2147483647;
			files = (
			);
			runOnlyForDeploymentPostprocessing = 0;
		};
/* End PBXResourcesBuildPhase section */

/* Begin PBXShellScriptBuildPhase section */
		1F8D848C12F3ED5EFEA26CB7 /* [CP] Check Pods Manifest.lock */ = {
			isa = PBXShellScriptBuildPhase;
			buildActionMask = 2147483647;
			files = (
			);
			inputFileListPaths = (
			);
			inputPaths = (
				"${PODS_PODFILE_DIR_PATH}/Podfile.lock",
				"${PODS_ROOT}/Manifest.lock",
			);
			name = "[CP] Check Pods Manifest.lock";
			outputFileListPaths = (
			);
			outputPaths = (
				"$(DERIVED_FILE_DIR)/Pods-flixster-checkManifestLockResult.txt",
			);
			runOnlyForDeploymentPostprocessing = 0;
			shellPath = /bin/sh;
			shellScript = "diff \"${PODS_PODFILE_DIR_PATH}/Podfile.lock\" \"${PODS_ROOT}/Manifest.lock\" > /dev/null\nif [ $? != 0 ] ; then\n    # print error to STDERR\n    echo \"error: The sandbox is not in sync with the Podfile.lock. Run 'pod install' or update your CocoaPods installation.\" >&2\n    exit 1\nfi\n# This output is used by Xcode 'outputs' to avoid re-running this script phase.\necho \"SUCCESS\" > \"${SCRIPT_OUTPUT_FILE_0}\"\n";
			showEnvVarsInLog = 0;
		};
		58F17BB16C2E1F58D39C7F31 /* [CP] Embed Pods Frameworks */ = {
			isa = PBXShellScriptBuildPhase;
			buildActionMask = 2147483647;
			files = (
			);
			inputFileListPaths = (
				"${PODS_ROOT}/Target Support Files/Pods-flixster/Pods-flixster-frameworks-${CONFIGURATION}-input-files.xcfilelist",
			);
			name = "[CP] Embed Pods Frameworks";
			outputFileListPaths = (
				"${PODS_ROOT}/Target Support Files/Pods-flixster/Pods-flixster-frameworks-${CONFIGURATION}-output-files.xcfilelist",
			);
			runOnlyForDeploymentPostprocessing = 0;
			shellPath = /bin/sh;
			shellScript = "\"${PODS_ROOT}/Target Support Files/Pods-flixster/Pods-flixster-frameworks.sh\"\n";
			showEnvVarsInLog = 0;
		};
		CF337EF154507C7480680958 /* [CP] Check Pods Manifest.lock */ = {
			isa = PBXShellScriptBuildPhase;
			buildActionMask = 2147483647;
			files = (
			);
			inputFileListPaths = (
			);
			inputPaths = (
				"${PODS_PODFILE_DIR_PATH}/Podfile.lock",
				"${PODS_ROOT}/Manifest.lock",
			);
			name = "[CP] Check Pods Manifest.lock";
			outputFileListPaths = (
			);
			outputPaths = (
				"$(DERIVED_FILE_DIR)/Pods-flixsterTests-checkManifestLockResult.txt",
			);
			runOnlyForDeploymentPostprocessing = 0;
			shellPath = /bin/sh;
			shellScript = "diff \"${PODS_PODFILE_DIR_PATH}/Podfile.lock\" \"${PODS_ROOT}/Manifest.lock\" > /dev/null\nif [ $? != 0 ] ; then\n    # print error to STDERR\n    echo \"error: The sandbox is not in sync with the Podfile.lock. Run 'pod install' or update your CocoaPods installation.\" >&2\n    exit 1\nfi\n# This output is used by Xcode 'outputs' to avoid re-running this script phase.\necho \"SUCCESS\" > \"${SCRIPT_OUTPUT_FILE_0}\"\n";
			showEnvVarsInLog = 0;
		};
		D083BE30DE07E35A0CC4BE25 /* [CP] Check Pods Manifest.lock */ = {
			isa = PBXShellScriptBuildPhase;
			buildActionMask = 2147483647;
			files = (
			);
			inputFileListPaths = (
			);
			inputPaths = (
				"${PODS_PODFILE_DIR_PATH}/Podfile.lock",
				"${PODS_ROOT}/Manifest.lock",
			);
			name = "[CP] Check Pods Manifest.lock";
			outputFileListPaths = (
			);
			outputPaths = (
				"$(DERIVED_FILE_DIR)/Pods-flixster-flixsterUITests-checkManifestLockResult.txt",
			);
			runOnlyForDeploymentPostprocessing = 0;
			shellPath = /bin/sh;
			shellScript = "diff \"${PODS_PODFILE_DIR_PATH}/Podfile.lock\" \"${PODS_ROOT}/Manifest.lock\" > /dev/null\nif [ $? != 0 ] ; then\n    # print error to STDERR\n    echo \"error: The sandbox is not in sync with the Podfile.lock. Run 'pod install' or update your CocoaPods installation.\" >&2\n    exit 1\nfi\n# This output is used by Xcode 'outputs' to avoid re-running this script phase.\necho \"SUCCESS\" > \"${SCRIPT_OUTPUT_FILE_0}\"\n";
			showEnvVarsInLog = 0;
		};
		FFBD3614A5A0628B0E59BBCF /* [CP] Embed Pods Frameworks */ = {
			isa = PBXShellScriptBuildPhase;
			buildActionMask = 2147483647;
			files = (
			);
			inputFileListPaths = (
				"${PODS_ROOT}/Target Support Files/Pods-flixster-flixsterUITests/Pods-flixster-flixsterUITests-frameworks-${CONFIGURATION}-input-files.xcfilelist",
			);
			name = "[CP] Embed Pods Frameworks";
			outputFileListPaths = (
				"${PODS_ROOT}/Target Support Files/Pods-flixster-flixsterUITests/Pods-flixster-flixsterUITests-frameworks-${CONFIGURATION}-output-files.xcfilelist",
			);
			runOnlyForDeploymentPostprocessing = 0;
			shellPath = /bin/sh;
			shellScript = "\"${PODS_ROOT}/Target Support Files/Pods-flixster-flixsterUITests/Pods-flixster-flixsterUITests-frameworks.sh\"\n";
			showEnvVarsInLog = 0;
		};
/* End PBXShellScriptBuildPhase section */

/* Begin PBXSourcesBuildPhase section */
		72F55EFF26FAF19B0023430E /* Sources */ = {
			isa = PBXSourcesBuildPhase;
			buildActionMask = 2147483647;
			files = (
				72F55F0B26FAF19B0023430E /* ViewController.swift in Sources */,
				72F55F0726FAF19B0023430E /* AppDelegate.swift in Sources */,
				72F55F0926FAF19B0023430E /* SceneDelegate.swift in Sources */,
				72F55F392700FFD10023430E /* MovieCell.swift in Sources */,
				72F55F3726FAF2C00023430E /* MoviesViewController.swift in Sources */,
			);
			runOnlyForDeploymentPostprocessing = 0;
		};
		72F55F1526FAF19D0023430E /* Sources */ = {
			isa = PBXSourcesBuildPhase;
			buildActionMask = 2147483647;
			files = (
				72F55F1E26FAF19D0023430E /* flixsterTests.swift in Sources */,
			);
			runOnlyForDeploymentPostprocessing = 0;
		};
		72F55F2026FAF19D0023430E /* Sources */ = {
			isa = PBXSourcesBuildPhase;
			buildActionMask = 2147483647;
			files = (
				72F55F2926FAF19D0023430E /* flixsterUITests.swift in Sources */,
			);
			runOnlyForDeploymentPostprocessing = 0;
		};
/* End PBXSourcesBuildPhase section */

/* Begin PBXTargetDependency section */
		72F55F1B26FAF19D0023430E /* PBXTargetDependency */ = {
			isa = PBXTargetDependency;
			target = 72F55F0226FAF19B0023430E /* flixster */;
			targetProxy = 72F55F1A26FAF19D0023430E /* PBXContainerItemProxy */;
		};
		72F55F2626FAF19D0023430E /* PBXTargetDependency */ = {
			isa = PBXTargetDependency;
			target = 72F55F0226FAF19B0023430E /* flixster */;
			targetProxy = 72F55F2526FAF19D0023430E /* PBXContainerItemProxy */;
		};
/* End PBXTargetDependency section */

/* Begin PBXVariantGroup section */
		72F55F0C26FAF19B0023430E /* Main.storyboard */ = {
			isa = PBXVariantGroup;
			children = (
				72F55F0D26FAF19B0023430E /* Base */,
			);
			name = Main.storyboard;
			sourceTree = "<group>";
		};
		72F55F1126FAF19D0023430E /* LaunchScreen.storyboard */ = {
			isa = PBXVariantGroup;
			children = (
				72F55F1226FAF19D0023430E /* Base */,
			);
			name = LaunchScreen.storyboard;
			sourceTree = "<group>";
		};
/* End PBXVariantGroup section */

/* Begin XCBuildConfiguration section */
		72F55F2B26FAF19D0023430E /* Debug */ = {
			isa = XCBuildConfiguration;
			buildSettings = {
				ALWAYS_SEARCH_USER_PATHS = NO;
				CLANG_ANALYZER_NONNULL = YES;
				CLANG_ANALYZER_NUMBER_OBJECT_CONVERSION = YES_AGGRESSIVE;
				CLANG_CXX_LANGUAGE_STANDARD = "gnu++14";
				CLANG_CXX_LIBRARY = "libc++";
				CLANG_ENABLE_MODULES = YES;
				CLANG_ENABLE_OBJC_ARC = YES;
				CLANG_ENABLE_OBJC_WEAK = YES;
				CLANG_WARN_BLOCK_CAPTURE_AUTORELEASING = YES;
				CLANG_WARN_BOOL_CONVERSION = YES;
				CLANG_WARN_COMMA = YES;
				CLANG_WARN_CONSTANT_CONVERSION = YES;
				CLANG_WARN_DEPRECATED_OBJC_IMPLEMENTATIONS = YES;
				CLANG_WARN_DIRECT_OBJC_ISA_USAGE = YES_ERROR;
				CLANG_WARN_DOCUMENTATION_COMMENTS = YES;
				CLANG_WARN_EMPTY_BODY = YES;
				CLANG_WARN_ENUM_CONVERSION = YES;
				CLANG_WARN_INFINITE_RECURSION = YES;
				CLANG_WARN_INT_CONVERSION = YES;
				CLANG_WARN_NON_LITERAL_NULL_CONVERSION = YES;
				CLANG_WARN_OBJC_IMPLICIT_RETAIN_SELF = YES;
				CLANG_WARN_OBJC_LITERAL_CONVERSION = YES;
				CLANG_WARN_OBJC_ROOT_CLASS = YES_ERROR;
				CLANG_WARN_QUOTED_INCLUDE_IN_FRAMEWORK_HEADER = YES;
				CLANG_WARN_RANGE_LOOP_ANALYSIS = YES;
				CLANG_WARN_STRICT_PROTOTYPES = YES;
				CLANG_WARN_SUSPICIOUS_MOVE = YES;
				CLANG_WARN_UNGUARDED_AVAILABILITY = YES_AGGRESSIVE;
				CLANG_WARN_UNREACHABLE_CODE = YES;
				CLANG_WARN__DUPLICATE_METHOD_MATCH = YES;
				COPY_PHASE_STRIP = NO;
				DEBUG_INFORMATION_FORMAT = dwarf;
				ENABLE_STRICT_OBJC_MSGSEND = YES;
				ENABLE_TESTABILITY = YES;
				GCC_C_LANGUAGE_STANDARD = gnu11;
				GCC_DYNAMIC_NO_PIC = NO;
				GCC_NO_COMMON_BLOCKS = YES;
				GCC_OPTIMIZATION_LEVEL = 0;
				GCC_PREPROCESSOR_DEFINITIONS = (
					"DEBUG=1",
					"$(inherited)",
				);
				GCC_WARN_64_TO_32_BIT_CONVERSION = YES;
				GCC_WARN_ABOUT_RETURN_TYPE = YES_ERROR;
				GCC_WARN_UNDECLARED_SELECTOR = YES;
				GCC_WARN_UNINITIALIZED_AUTOS = YES_AGGRESSIVE;
				GCC_WARN_UNUSED_FUNCTION = YES;
				GCC_WARN_UNUSED_VARIABLE = YES;
				IPHONEOS_DEPLOYMENT_TARGET = 14.5;
				MTL_ENABLE_DEBUG_INFO = INCLUDE_SOURCE;
				MTL_FAST_MATH = YES;
				ONLY_ACTIVE_ARCH = YES;
				SDKROOT = iphoneos;
				SWIFT_ACTIVE_COMPILATION_CONDITIONS = DEBUG;
				SWIFT_OPTIMIZATION_LEVEL = "-Onone";
			};
			name = Debug;
		};
		72F55F2C26FAF19D0023430E /* Release */ = {
			isa = XCBuildConfiguration;
			buildSettings = {
				ALWAYS_SEARCH_USER_PATHS = NO;
				CLANG_ANALYZER_NONNULL = YES;
				CLANG_ANALYZER_NUMBER_OBJECT_CONVERSION = YES_AGGRESSIVE;
				CLANG_CXX_LANGUAGE_STANDARD = "gnu++14";
				CLANG_CXX_LIBRARY = "libc++";
				CLANG_ENABLE_MODULES = YES;
				CLANG_ENABLE_OBJC_ARC = YES;
				CLANG_ENABLE_OBJC_WEAK = YES;
				CLANG_WARN_BLOCK_CAPTURE_AUTORELEASING = YES;
				CLANG_WARN_BOOL_CONVERSION = YES;
				CLANG_WARN_COMMA = YES;
				CLANG_WARN_CONSTANT_CONVERSION = YES;
				CLANG_WARN_DEPRECATED_OBJC_IMPLEMENTATIONS = YES;
				CLANG_WARN_DIRECT_OBJC_ISA_USAGE = YES_ERROR;
				CLANG_WARN_DOCUMENTATION_COMMENTS = YES;
				CLANG_WARN_EMPTY_BODY = YES;
				CLANG_WARN_ENUM_CONVERSION = YES;
				CLANG_WARN_INFINITE_RECURSION = YES;
				CLANG_WARN_INT_CONVERSION = YES;
				CLANG_WARN_NON_LITERAL_NULL_CONVERSION = YES;
				CLANG_WARN_OBJC_IMPLICIT_RETAIN_SELF = YES;
				CLANG_WARN_OBJC_LITERAL_CONVERSION = YES;
				CLANG_WARN_OBJC_ROOT_CLASS = YES_ERROR;
				CLANG_WARN_QUOTED_INCLUDE_IN_FRAMEWORK_HEADER = YES;
				CLANG_WARN_RANGE_LOOP_ANALYSIS = YES;
				CLANG_WARN_STRICT_PROTOTYPES = YES;
				CLANG_WARN_SUSPICIOUS_MOVE = YES;
				CLANG_WARN_UNGUARDED_AVAILABILITY = YES_AGGRESSIVE;
				CLANG_WARN_UNREACHABLE_CODE = YES;
				CLANG_WARN__DUPLICATE_METHOD_MATCH = YES;
				COPY_PHASE_STRIP = NO;
				DEBUG_INFORMATION_FORMAT = "dwarf-with-dsym";
				ENABLE_NS_ASSERTIONS = NO;
				ENABLE_STRICT_OBJC_MSGSEND = YES;
				GCC_C_LANGUAGE_STANDARD = gnu11;
				GCC_NO_COMMON_BLOCKS = YES;
				GCC_WARN_64_TO_32_BIT_CONVERSION = YES;
				GCC_WARN_ABOUT_RETURN_TYPE = YES_ERROR;
				GCC_WARN_UNDECLARED_SELECTOR = YES;
				GCC_WARN_UNINITIALIZED_AUTOS = YES_AGGRESSIVE;
				GCC_WARN_UNUSED_FUNCTION = YES;
				GCC_WARN_UNUSED_VARIABLE = YES;
				IPHONEOS_DEPLOYMENT_TARGET = 14.5;
				MTL_ENABLE_DEBUG_INFO = NO;
				MTL_FAST_MATH = YES;
				SDKROOT = iphoneos;
				SWIFT_COMPILATION_MODE = wholemodule;
				SWIFT_OPTIMIZATION_LEVEL = "-O";
				VALIDATE_PRODUCT = YES;
			};
			name = Release;
		};
		72F55F2E26FAF19D0023430E /* Debug */ = {
			isa = XCBuildConfiguration;
			baseConfigurationReference = 14C34C7C029E9C4ED979535A /* Pods-flixster.debug.xcconfig */;
			buildSettings = {
				ASSETCATALOG_COMPILER_APPICON_NAME = AppIcon;
				ASSETCATALOG_COMPILER_GLOBAL_ACCENT_COLOR_NAME = AccentColor;
				CODE_SIGN_STYLE = Automatic;
				DEVELOPMENT_TEAM = 7HR343R5KC;
				INFOPLIST_FILE = flixster/Info.plist;
				LD_RUNPATH_SEARCH_PATHS = (
					"$(inherited)",
					"@executable_path/Frameworks",
				);
				PRODUCT_BUNDLE_IDENTIFIER = com.patriciabooth.flixster;
				PRODUCT_NAME = "$(TARGET_NAME)";
				SWIFT_VERSION = 5.0;
				TARGETED_DEVICE_FAMILY = "1,2";
			};
			name = Debug;
		};
		72F55F2F26FAF19D0023430E /* Release */ = {
			isa = XCBuildConfiguration;
			baseConfigurationReference = 43B10E8B05BC3A3A04937D65 /* Pods-flixster.release.xcconfig */;
			buildSettings = {
				ASSETCATALOG_COMPILER_APPICON_NAME = AppIcon;
				ASSETCATALOG_COMPILER_GLOBAL_ACCENT_COLOR_NAME = AccentColor;
				CODE_SIGN_STYLE = Automatic;
				DEVELOPMENT_TEAM = 7HR343R5KC;
				INFOPLIST_FILE = flixster/Info.plist;
				LD_RUNPATH_SEARCH_PATHS = (
					"$(inherited)",
					"@executable_path/Frameworks",
				);
				PRODUCT_BUNDLE_IDENTIFIER = com.patriciabooth.flixster;
				PRODUCT_NAME = "$(TARGET_NAME)";
				SWIFT_VERSION = 5.0;
				TARGETED_DEVICE_FAMILY = "1,2";
			};
			name = Release;
		};
		72F55F3126FAF19D0023430E /* Debug */ = {
			isa = XCBuildConfiguration;
			baseConfigurationReference = D80555BCE5516A7EDC30BAD0 /* Pods-flixsterTests.debug.xcconfig */;
			buildSettings = {
				ALWAYS_EMBED_SWIFT_STANDARD_LIBRARIES = YES;
				BUNDLE_LOADER = "$(TEST_HOST)";
				CODE_SIGN_STYLE = Automatic;
				DEVELOPMENT_TEAM = 7HR343R5KC;
				INFOPLIST_FILE = flixsterTests/Info.plist;
				IPHONEOS_DEPLOYMENT_TARGET = 14.5;
				LD_RUNPATH_SEARCH_PATHS = (
					"$(inherited)",
					"@executable_path/Frameworks",
					"@loader_path/Frameworks",
				);
				PRODUCT_BUNDLE_IDENTIFIER = com.patriciabooth.flixsterTests;
				PRODUCT_NAME = "$(TARGET_NAME)";
				SWIFT_VERSION = 5.0;
				TARGETED_DEVICE_FAMILY = "1,2";
				TEST_HOST = "$(BUILT_PRODUCTS_DIR)/flixster.app/flixster";
			};
			name = Debug;
		};
		72F55F3226FAF19D0023430E /* Release */ = {
			isa = XCBuildConfiguration;
			baseConfigurationReference = C775C7D860779820D48C29D5 /* Pods-flixsterTests.release.xcconfig */;
			buildSettings = {
				ALWAYS_EMBED_SWIFT_STANDARD_LIBRARIES = YES;
				BUNDLE_LOADER = "$(TEST_HOST)";
				CODE_SIGN_STYLE = Automatic;
				DEVELOPMENT_TEAM = 7HR343R5KC;
				INFOPLIST_FILE = flixsterTests/Info.plist;
				IPHONEOS_DEPLOYMENT_TARGET = 14.5;
				LD_RUNPATH_SEARCH_PATHS = (
					"$(inherited)",
					"@executable_path/Frameworks",
					"@loader_path/Frameworks",
				);
				PRODUCT_BUNDLE_IDENTIFIER = com.patriciabooth.flixsterTests;
				PRODUCT_NAME = "$(TARGET_NAME)";
				SWIFT_VERSION = 5.0;
				TARGETED_DEVICE_FAMILY = "1,2";
				TEST_HOST = "$(BUILT_PRODUCTS_DIR)/flixster.app/flixster";
			};
			name = Release;
		};
		72F55F3426FAF19D0023430E /* Debug */ = {
			isa = XCBuildConfiguration;
			baseConfigurationReference = 431C4CF225A9532594D43FD8 /* Pods-flixster-flixsterUITests.debug.xcconfig */;
			buildSettings = {
				ALWAYS_EMBED_SWIFT_STANDARD_LIBRARIES = YES;
				CODE_SIGN_STYLE = Automatic;
				DEVELOPMENT_TEAM = 7HR343R5KC;
				INFOPLIST_FILE = flixsterUITests/Info.plist;
				LD_RUNPATH_SEARCH_PATHS = (
					"$(inherited)",
					"@executable_path/Frameworks",
					"@loader_path/Frameworks",
				);
				PRODUCT_BUNDLE_IDENTIFIER = com.patriciabooth.flixsterUITests;
				PRODUCT_NAME = "$(TARGET_NAME)";
				SWIFT_VERSION = 5.0;
				TARGETED_DEVICE_FAMILY = "1,2";
				TEST_TARGET_NAME = flixster;
			};
			name = Debug;
		};
		72F55F3526FAF19D0023430E /* Release */ = {
			isa = XCBuildConfiguration;
			baseConfigurationReference = A0A55EF70D550B916D09E952 /* Pods-flixster-flixsterUITests.release.xcconfig */;
			buildSettings = {
				ALWAYS_EMBED_SWIFT_STANDARD_LIBRARIES = YES;
				CODE_SIGN_STYLE = Automatic;
				DEVELOPMENT_TEAM = 7HR343R5KC;
				INFOPLIST_FILE = flixsterUITests/Info.plist;
				LD_RUNPATH_SEARCH_PATHS = (
					"$(inherited)",
					"@executable_path/Frameworks",
					"@loader_path/Frameworks",
				);
				PRODUCT_BUNDLE_IDENTIFIER = com.patriciabooth.flixsterUITests;
				PRODUCT_NAME = "$(TARGET_NAME)";
				SWIFT_VERSION = 5.0;
				TARGETED_DEVICE_FAMILY = "1,2";
				TEST_TARGET_NAME = flixster;
			};
			name = Release;
		};
/* End XCBuildConfiguration section */

/* Begin XCConfigurationList section */
		72F55EFE26FAF19B0023430E /* Build configuration list for PBXProject "flixster" */ = {
			isa = XCConfigurationList;
			buildConfigurations = (
				72F55F2B26FAF19D0023430E /* Debug */,
				72F55F2C26FAF19D0023430E /* Release */,
			);
			defaultConfigurationIsVisible = 0;
			defaultConfigurationName = Release;
		};
		72F55F2D26FAF19D0023430E /* Build configuration list for PBXNativeTarget "flixster" */ = {
			isa = XCConfigurationList;
			buildConfigurations = (
				72F55F2E26FAF19D0023430E /* Debug */,
				72F55F2F26FAF19D0023430E /* Release */,
			);
			defaultConfigurationIsVisible = 0;
			defaultConfigurationName = Release;
		};
		72F55F3026FAF19D0023430E /* Build configuration list for PBXNativeTarget "flixsterTests" */ = {
			isa = XCConfigurationList;
			buildConfigurations = (
				72F55F3126FAF19D0023430E /* Debug */,
				72F55F3226FAF19D0023430E /* Release */,
			);
			defaultConfigurationIsVisible = 0;
			defaultConfigurationName = Release;
		};
		72F55F3326FAF19D0023430E /* Build configuration list for PBXNativeTarget "flixsterUITests" */ = {
			isa = XCConfigurationList;
			buildConfigurations = (
				72F55F3426FAF19D0023430E /* Debug */,
				72F55F3526FAF19D0023430E /* Release */,
			);
			defaultConfigurationIsVisible = 0;
			defaultConfigurationName = Release;
		};
/* End XCConfigurationList section */
	};
	rootObject = 72F55EFB26FAF19B0023430E /* Project object */;
}
